
Microsoft Visual Studio Solution File, Format Version 12.00
# Visual Studio Version 16
VisualStudioVersion = 16.0.29806.167
MinimumVisualStudioVersion = 10.0.40219.1
Project("{FAE04EC0-301F-11D3-BF4B-00C04F79EFBC}") = "lab_10(1)", "lab_10(1).csproj", "{1BF190F2-FC52-4F74-9049-D10C935A9EBE}"
EndProject
Global
	GlobalSection(SolutionConfigurationPlatforms) = preSolution
		Debug|Any CPU = Debug|Any CPU
		Release|Any CPU = Release|Any CPU
	EndGlobalSection
	GlobalSection(ProjectConfigurationPlatforms) = postSolution
		{1BF190F2-FC52-4F74-9049-D10C935A9EBE}.Debug|Any CPU.ActiveCfg = Debug|Any CPU
		{1BF190F2-FC52-4F74-9049-D10C935A9EBE}.Debug|Any CPU.Build.0 = Debug|Any CPU
		{1BF190F2-FC52-4F74-9049-D10C935A9EBE}.Release|Any CPU.ActiveCfg = Release|Any CPU
		{1BF190F2-FC52-4F74-9049-D10C935A9EBE}.Release|Any CPU.Build.0 = Release|Any CPU
	EndGlobalSection
	GlobalSection(SolutionProperties) = preSolution
		HideSolutionNode = FALSE
	EndGlobalSection
	GlobalSection(ExtensibilityGlobals) = postSolution
		SolutionGuid = {AB305C7E-C031-4FB4-9BA0-33D0A1525174}
	EndGlobalSection
EndGlobal
